
Microsoft Visual Studio Solution File, Format Version 12.00
# Visual Studio Version 16
VisualStudioVersion = 16.0.29728.190
MinimumVisualStudioVersion = 10.0.40219.1
Project("{9A19103F-16F7-4668-BE54-9A1E7A4F7556}") = "HangfireDemo", "HangfireDemo\HangfireDemo.csproj", "{C101A75D-76BB-44AD-9334-B3EF9FA253BE}"
EndProject
Project("{2150E333-8FDC-42A3-9474-1A3956D46DE8}") = "Solution Items", "Solution Items", "{04C683FF-BBCC-44FD-82D6-AB33637F003E}"
	ProjectSection(SolutionItems) = preProject
		.editorconfig = .editorconfig
	EndProjectSection
EndProject
Global
	GlobalSection(SolutionConfigurationPlatforms) = preSolution
		Debug|Any CPU = Debug|Any CPU
		Release|Any CPU = Release|Any CPU
	EndGlobalSection
	GlobalSection(ProjectConfigurationPlatforms) = postSolution
		{C101A75D-76BB-44AD-9334-B3EF9FA253BE}.Debug|Any CPU.ActiveCfg = Debug|Any CPU
		{C101A75D-76BB-44AD-9334-B3EF9FA253BE}.Debug|Any CPU.Build.0 = Debug|Any CPU
		{C101A75D-76BB-44AD-9334-B3EF9FA253BE}.Release|Any CPU.ActiveCfg = Release|Any CPU
		{C101A75D-76BB-44AD-9334-B3EF9FA253BE}.Release|Any CPU.Build.0 = Release|Any CPU
	EndGlobalSection
	GlobalSection(SolutionProperties) = preSolution
		HideSolutionNode = FALSE
	EndGlobalSection
	GlobalSection(ExtensibilityGlobals) = postSolution
		SolutionGuid = {313DD197-0D22-4488-B393-B8BA50E050F9}
	EndGlobalSection
EndGlobal
